
Microsoft Visual Studio Solution File, Format Version 12.00
# Visual Studio Version 16
VisualStudioVersion = 16.0.30523.141
MinimumVisualStudioVersion = 10.0.40219.1
Project("{9A19103F-16F7-4668-BE54-9A1E7A4F7556}") = "StarcoreDiscordBot", "StarcoreDiscordBot.csproj", "{0DC718FA-D7D7-46F3-A4C5-FDA4C6A453FB}"
EndProject
Global
	GlobalSection(SolutionConfigurationPlatforms) = preSolution
		Debug|Any CPU = Debug|Any CPU
		Debug|x64 = Debug|x64
		Release|Any CPU = Release|Any CPU
		Release|x64 = Release|x64
	EndGlobalSection
	GlobalSection(ProjectConfigurationPlatforms) = postSolution
		{0DC718FA-D7D7-46F3-A4C5-FDA4C6A453FB}.Debug|Any CPU.ActiveCfg = Debug|Any CPU
		{0DC718FA-D7D7-46F3-A4C5-FDA4C6A453FB}.Debug|Any CPU.Build.0 = Debug|Any CPU
		{0DC718FA-D7D7-46F3-A4C5-FDA4C6A453FB}.Debug|x64.ActiveCfg = Debug|x64
		{0DC718FA-D7D7-46F3-A4C5-FDA4C6A453FB}.Debug|x64.Build.0 = Debug|x64
		{0DC718FA-D7D7-46F3-A4C5-FDA4C6A453FB}.Release|Any CPU.ActiveCfg = Release|Any CPU
		{0DC718FA-D7D7-46F3-A4C5-FDA4C6A453FB}.Release|Any CPU.Build.0 = Release|Any CPU
		{0DC718FA-D7D7-46F3-A4C5-FDA4C6A453FB}.Release|x64.ActiveCfg = Release|x64
		{0DC718FA-D7D7-46F3-A4C5-FDA4C6A453FB}.Release|x64.Build.0 = Release|x64
	EndGlobalSection
	GlobalSection(SolutionProperties) = preSolution
		HideSolutionNode = FALSE
	EndGlobalSection
	GlobalSection(ExtensibilityGlobals) = postSolution
		SolutionGuid = {C8A7D693-0CA3-4261-A09C-6418DBD679C3}
	EndGlobalSection
EndGlobal
